github.com/goforj/events v0.2.0 h1:gqkle+UwzLDbcYypHC2RmPU2Hi/S7PwwNZiWb/m/JKc=
github.com/goforj/events v0.2.0/go.mod h1:N1HLDJ4HOVlJVQBXCAPb4wC1HS4IBm3yOlDCZ8WBglk=
github.com/goforj/events/eventscore v0.2.0 h1:6/+NxhFoRruPbPHJYiGrGgNoi0YKIHTcwcVYJoGECSw=
github.com/goforj/events/eventscore v0.2.0/go.mod h1:1yO6x8Ior7p4UCIckJmKZ9/TcFUEKVOwBP6MT9oEbcM=
github.com/goforj/events/eventstest v0.2.0 h1:0CI8qQ421I3+GYdQ8mm8O1nwNkg/Qr3mnm6l9kNmA7c=
github.com/goforj/events/eventstest v0.2.0/go.mod h1:m//XTQ4WPJEsMl42HM1WzPndLPk5SKtAZjv8uEPZHZc=
